{
  "nodes": {
    "nixpkgs": {
      "locked": {
        "lastModified": 1778762200,
        "narHash": "sha256-Qcdu37ENIG4epDjhafJ3ViXYZF3Zwh6pxLbk/efVth0=",
        "rev": "27198194e52129ccd8e845e7d5911911e7fea7d7",
        "type": "tarball",
        "url": "https://releases.nixos.org/nixpkgs/nixpkgs-26.05pre997919.27198194e521/nixexprs.tar.xz?lastModified=1778762200&rev=27198194e52129ccd8e845e7d5911911e7fea7d7"
      },
      "original": {
        "type": "tarball",
        "url": "https://channels.nixos.org/nixpkgs-unstable/nixexprs.tar.xz"
      }
    },
    "root": {
      "inputs": {
        "nixpkgs": "nixpkgs"
      }
    }
  },
  "root": "root",
  "version": 7
}
