{
  "nodes": {
    "nixpkgs": {
      "locked": {
        "lastModified": 1781268102,
        "narHash": "sha256-OzxtVgj26jwAo9t9GxmOsQD3waYIx71PJ3u++2hmWJQ=",
        "rev": "49a4bd0573c376468dd7996ddb6f9fa31d8c4d97",
        "type": "tarball",
        "url": "https://releases.nixos.org/nixpkgs/nixpkgs-26.11pre1015535.49a4bd0573c3/nixexprs.tar.xz?lastModified=1781268102&rev=49a4bd0573c376468dd7996ddb6f9fa31d8c4d97"
      },
      "original": {
        "type": "tarball",
        "url": "https://channels.nixos.org/nixpkgs-unstable/nixexprs.tar.xz"
      }
    },
    "root": {
      "inputs": {
        "nixpkgs": "nixpkgs"
      }
    }
  },
  "root": "root",
  "version": 7
}
