{
  "nodes": {
    "nixpkgs": {
      "locked": {
        "lastModified": 1779351318,
        "narHash": "sha256-uY1HXtHXk0Iyc46ZLcMbFni73h0m9cO/Je/krbOF6CI=",
        "rev": "4a29d733e8a7d5b824c3d8c958a946a9867b3eb2",
        "type": "tarball",
        "url": "https://releases.nixos.org/nixpkgs/nixpkgs-26.05pre1002810.4a29d733e8a7/nixexprs.tar.xz?lastModified=1779351318&rev=4a29d733e8a7d5b824c3d8c958a946a9867b3eb2"
      },
      "original": {
        "type": "tarball",
        "url": "https://channels.nixos.org/nixpkgs-unstable/nixexprs.tar.xz"
      }
    },
    "root": {
      "inputs": {
        "nixpkgs": "nixpkgs"
      }
    }
  },
  "root": "root",
  "version": 7
}
